
Microsoft Visual Studio Solution File, Format Version 12.00
# Visual Studio Version 17
VisualStudioVersion = 17.6.33723.286
MinimumVisualStudioVersion = 10.0.40219.1
Project("{FAE04EC0-301F-11D3-BF4B-00C04F79EFBC}") = "FreeMoons", "FreeMoons\FreeMoons.csproj", "{9D271377-E50D-4DCE-9BF8-4376902777A7}"
EndProject
Project("{FAE04EC0-301F-11D3-BF4B-00C04F79EFBC}") = "AntiFidgetSpinnerMaskGuy", "AntiFidgetSpinnerMaskGuy\AntiFidgetSpinnerMaskGuy.csproj", "{2D49FDFF-40CB-43A0-A8B7-F2EDD2879127}"
EndProject
Global
	GlobalSection(SolutionConfigurationPlatforms) = preSolution
		Debug|Any CPU = Debug|Any CPU
		Release|Any CPU = Release|Any CPU
	EndGlobalSection
	GlobalSection(ProjectConfigurationPlatforms) = postSolution
		{9D271377-E50D-4DCE-9BF8-4376902777A7}.Debug|Any CPU.ActiveCfg = Debug|Any CPU
		{9D271377-E50D-4DCE-9BF8-4376902777A7}.Debug|Any CPU.Build.0 = Debug|Any CPU
		{9D271377-E50D-4DCE-9BF8-4376902777A7}.Release|Any CPU.ActiveCfg = Release|Any CPU
		{9D271377-E50D-4DCE-9BF8-4376902777A7}.Release|Any CPU.Build.0 = Release|Any CPU
		{2D49FDFF-40CB-43A0-A8B7-F2EDD2879127}.Debug|Any CPU.ActiveCfg = Debug|Any CPU
		{2D49FDFF-40CB-43A0-A8B7-F2EDD2879127}.Debug|Any CPU.Build.0 = Debug|Any CPU
		{2D49FDFF-40CB-43A0-A8B7-F2EDD2879127}.Release|Any CPU.ActiveCfg = Release|Any CPU
		{2D49FDFF-40CB-43A0-A8B7-F2EDD2879127}.Release|Any CPU.Build.0 = Release|Any CPU
	EndGlobalSection
	GlobalSection(SolutionProperties) = preSolution
		HideSolutionNode = FALSE
	EndGlobalSection
	GlobalSection(ExtensibilityGlobals) = postSolution
		SolutionGuid = {BD09076C-F623-4DF3-8423-AD3F6E562E1F}
	EndGlobalSection
EndGlobal
